
Microsoft Visual Studio Solution File, Format Version 12.00
# Visual Studio Version 16
VisualStudioVersion = 16.0.30011.22
MinimumVisualStudioVersion = 10.0.40219.1
Project("{FAE04EC0-301F-11D3-BF4B-00C04F79EFBC}") = "RestoreMicrosoftSQLScript", "RestoreMicrosoftSqlScript\RestoreMicrosoftSQLScript.csproj", "{F1753655-70DB-48FD-9621-9ACE9ED57458}"
EndProject
Global
	GlobalSection(SolutionConfigurationPlatforms) = preSolution
		Debug|Any CPU = Debug|Any CPU
		Release|Any CPU = Release|Any CPU
	EndGlobalSection
	GlobalSection(ProjectConfigurationPlatforms) = postSolution
		{F1753655-70DB-48FD-9621-9ACE9ED57458}.Debug|Any CPU.ActiveCfg = Debug|Any CPU
		{F1753655-70DB-48FD-9621-9ACE9ED57458}.Debug|Any CPU.Build.0 = Debug|Any CPU
		{F1753655-70DB-48FD-9621-9ACE9ED57458}.Release|Any CPU.ActiveCfg = Release|Any CPU
		{F1753655-70DB-48FD-9621-9ACE9ED57458}.Release|Any CPU.Build.0 = Release|Any CPU
	EndGlobalSection
	GlobalSection(SolutionProperties) = preSolution
		HideSolutionNode = FALSE
	EndGlobalSection
	GlobalSection(ExtensibilityGlobals) = postSolution
		SolutionGuid = {CBEDF254-653A-4CC7-B663-55C63ED4C5BE}
	EndGlobalSection
EndGlobal
